
Microsoft Visual Studio Solution File, Format Version 12.00
# Visual Studio 15
VisualStudioVersion = 15.0.28307.136
MinimumVisualStudioVersion = 10.0.40219.1
Project("{FAE04EC0-301F-11D3-BF4B-00C04F79EFBC}") = "FolderMonitoring", "FolderMonitoring\FolderMonitoring.csproj", "{7BBAD971-DF3C-4CE0-B6F6-6DEEA07ED167}"
EndProject
Global
	GlobalSection(SolutionConfigurationPlatforms) = preSolution
		Debug|Any CPU = Debug|Any CPU
		Release|Any CPU = Release|Any CPU
	EndGlobalSection
	GlobalSection(ProjectConfigurationPlatforms) = postSolution
		{7BBAD971-DF3C-4CE0-B6F6-6DEEA07ED167}.Debug|Any CPU.ActiveCfg = Debug|Any CPU
		{7BBAD971-DF3C-4CE0-B6F6-6DEEA07ED167}.Debug|Any CPU.Build.0 = Debug|Any CPU
		{7BBAD971-DF3C-4CE0-B6F6-6DEEA07ED167}.Release|Any CPU.ActiveCfg = Release|Any CPU
		{7BBAD971-DF3C-4CE0-B6F6-6DEEA07ED167}.Release|Any CPU.Build.0 = Release|Any CPU
	EndGlobalSection
	GlobalSection(SolutionProperties) = preSolution
		HideSolutionNode = FALSE
	EndGlobalSection
	GlobalSection(ExtensibilityGlobals) = postSolution
		SolutionGuid = {7E7DBCA8-1A9A-4E05-9562-9C5FE3FC470D}
	EndGlobalSection
EndGlobal
