
Microsoft Visual Studio Solution File, Format Version 12.00
# Visual Studio 15
VisualStudioVersion = 15.0.28307.136
MinimumVisualStudioVersion = 10.0.40219.1
Project("{2150E333-8FDC-42A3-9474-1A3956D46DE8}") = "tests", "tests", "{B531CE0F-2B92-4C16-87B4-DE9E449E4EBC}"
EndProject
Project("{9A19103F-16F7-4668-BE54-9A1E7A4F7556}") = "StorageService.Tests", "tests\StorageService.Tests\StorageService.Tests.csproj", "{C244C840-D4A4-4D7C-B718-CAC1B73BD8C5}"
EndProject
Project("{2150E333-8FDC-42A3-9474-1A3956D46DE8}") = "src", "src", "{2A3D51DD-C1C6-4F0D-AD68-1FA0D30B519B}"
EndProject
Project("{9A19103F-16F7-4668-BE54-9A1E7A4F7556}") = "StorageService", "src\StorageService\StorageService.csproj", "{7D3B4B19-8C07-4519-B0D9-CE2743A67C27}"
EndProject
Project("{9A19103F-16F7-4668-BE54-9A1E7A4F7556}") = "Models", "src\Models\Models.csproj", "{60D95E0A-4199-4A3F-ABA8-623C77F64E35}"
EndProject
Project("{9A19103F-16F7-4668-BE54-9A1E7A4F7556}") = "FtpService", "src\FtpService\FtpService.csproj", "{EE292623-1C8C-4271-A12C-C1F2C988D3DA}"
EndProject
Project("{9A19103F-16F7-4668-BE54-9A1E7A4F7556}") = "FtpService.Tests", "tests\FtpService.Tests\FtpService.Tests.csproj", "{B7EA096C-DD9A-41FA-B742-6C9904DF0270}"
EndProject
Project("{FAE04EC0-301F-11D3-BF4B-00C04F79EFBC}") = "FtpFunction", "src\FtpFunction\FtpFunction.csproj", "{CC518A2F-DD2D-46EB-84C8-44DFB59338BE}"
EndProject
Project("{FAE04EC0-301F-11D3-BF4B-00C04F79EFBC}") = "FunctionWorkaround", "src\FunctionWorkaround\FunctionWorkaround.csproj", "{C6DC5227-1FF4-40D6-A8A0-890B1A098697}"
EndProject
Global
	GlobalSection(SolutionConfigurationPlatforms) = preSolution
		Debug|Any CPU = Debug|Any CPU
		Release|Any CPU = Release|Any CPU
	EndGlobalSection
	GlobalSection(ProjectConfigurationPlatforms) = postSolution
		{C244C840-D4A4-4D7C-B718-CAC1B73BD8C5}.Debug|Any CPU.ActiveCfg = Debug|Any CPU
		{C244C840-D4A4-4D7C-B718-CAC1B73BD8C5}.Debug|Any CPU.Build.0 = Debug|Any CPU
		{C244C840-D4A4-4D7C-B718-CAC1B73BD8C5}.Release|Any CPU.ActiveCfg = Release|Any CPU
		{C244C840-D4A4-4D7C-B718-CAC1B73BD8C5}.Release|Any CPU.Build.0 = Release|Any CPU
		{7D3B4B19-8C07-4519-B0D9-CE2743A67C27}.Debug|Any CPU.ActiveCfg = Debug|Any CPU
		{7D3B4B19-8C07-4519-B0D9-CE2743A67C27}.Debug|Any CPU.Build.0 = Debug|Any CPU
		{7D3B4B19-8C07-4519-B0D9-CE2743A67C27}.Release|Any CPU.ActiveCfg = Release|Any CPU
		{7D3B4B19-8C07-4519-B0D9-CE2743A67C27}.Release|Any CPU.Build.0 = Release|Any CPU
		{60D95E0A-4199-4A3F-ABA8-623C77F64E35}.Debug|Any CPU.ActiveCfg = Debug|Any CPU
		{60D95E0A-4199-4A3F-ABA8-623C77F64E35}.Debug|Any CPU.Build.0 = Debug|Any CPU
		{60D95E0A-4199-4A3F-ABA8-623C77F64E35}.Release|Any CPU.ActiveCfg = Release|Any CPU
		{60D95E0A-4199-4A3F-ABA8-623C77F64E35}.Release|Any CPU.Build.0 = Release|Any CPU
		{EE292623-1C8C-4271-A12C-C1F2C988D3DA}.Debug|Any CPU.ActiveCfg = Debug|Any CPU
		{EE292623-1C8C-4271-A12C-C1F2C988D3DA}.Debug|Any CPU.Build.0 = Debug|Any CPU
		{EE292623-1C8C-4271-A12C-C1F2C988D3DA}.Release|Any CPU.ActiveCfg = Release|Any CPU
		{EE292623-1C8C-4271-A12C-C1F2C988D3DA}.Release|Any CPU.Build.0 = Release|Any CPU
		{B7EA096C-DD9A-41FA-B742-6C9904DF0270}.Debug|Any CPU.ActiveCfg = Debug|Any CPU
		{B7EA096C-DD9A-41FA-B742-6C9904DF0270}.Debug|Any CPU.Build.0 = Debug|Any CPU
		{B7EA096C-DD9A-41FA-B742-6C9904DF0270}.Release|Any CPU.ActiveCfg = Release|Any CPU
		{B7EA096C-DD9A-41FA-B742-6C9904DF0270}.Release|Any CPU.Build.0 = Release|Any CPU
		{CC518A2F-DD2D-46EB-84C8-44DFB59338BE}.Debug|Any CPU.ActiveCfg = Debug|Any CPU
		{CC518A2F-DD2D-46EB-84C8-44DFB59338BE}.Debug|Any CPU.Build.0 = Debug|Any CPU
		{CC518A2F-DD2D-46EB-84C8-44DFB59338BE}.Release|Any CPU.ActiveCfg = Release|Any CPU
		{CC518A2F-DD2D-46EB-84C8-44DFB59338BE}.Release|Any CPU.Build.0 = Release|Any CPU
		{C6DC5227-1FF4-40D6-A8A0-890B1A098697}.Debug|Any CPU.ActiveCfg = Debug|Any CPU
		{C6DC5227-1FF4-40D6-A8A0-890B1A098697}.Debug|Any CPU.Build.0 = Debug|Any CPU
		{C6DC5227-1FF4-40D6-A8A0-890B1A098697}.Release|Any CPU.ActiveCfg = Release|Any CPU
		{C6DC5227-1FF4-40D6-A8A0-890B1A098697}.Release|Any CPU.Build.0 = Release|Any CPU
	EndGlobalSection
	GlobalSection(SolutionProperties) = preSolution
		HideSolutionNode = FALSE
	EndGlobalSection
	GlobalSection(NestedProjects) = preSolution
		{C244C840-D4A4-4D7C-B718-CAC1B73BD8C5} = {B531CE0F-2B92-4C16-87B4-DE9E449E4EBC}
		{7D3B4B19-8C07-4519-B0D9-CE2743A67C27} = {2A3D51DD-C1C6-4F0D-AD68-1FA0D30B519B}
		{60D95E0A-4199-4A3F-ABA8-623C77F64E35} = {2A3D51DD-C1C6-4F0D-AD68-1FA0D30B519B}
		{EE292623-1C8C-4271-A12C-C1F2C988D3DA} = {2A3D51DD-C1C6-4F0D-AD68-1FA0D30B519B}
		{B7EA096C-DD9A-41FA-B742-6C9904DF0270} = {B531CE0F-2B92-4C16-87B4-DE9E449E4EBC}
		{CC518A2F-DD2D-46EB-84C8-44DFB59338BE} = {2A3D51DD-C1C6-4F0D-AD68-1FA0D30B519B}
		{C6DC5227-1FF4-40D6-A8A0-890B1A098697} = {2A3D51DD-C1C6-4F0D-AD68-1FA0D30B519B}
	EndGlobalSection
	GlobalSection(ExtensibilityGlobals) = postSolution
		SolutionGuid = {7E7DBCA8-1A9A-4E05-9562-9C5FE3FC470D}
	EndGlobalSection
EndGlobal
